
Microsoft Visual Studio Solution File, Format Version 12.00
# Visual Studio Version 16
VisualStudioVersion = 16.0.30717.126
MinimumVisualStudioVersion = 10.0.40219.1
Project("{FAE04EC0-301F-11D3-BF4B-00C04F79EFBC}") = "Teste03", "Teste03\Teste03.csproj", "{DF524370-AF60-4267-9425-245A88E3E03B}"
EndProject
Project("{FAE04EC0-301F-11D3-BF4B-00C04F79EFBC}") = "XUnitTest1", "XUnitTest1\XUnitTest1.csproj", "{C404A1A0-E127-47C3-B9F8-F138A007B4F0}"
EndProject
Project("{2150E333-8FDC-42A3-9474-1A3956D46DE8}") = "Solution Items", "Solution Items", "{5C8CAF1A-7C24-401F-903D-E15F2DFCEC13}"
	ProjectSection(SolutionItems) = preProject
		.editorconfig = .editorconfig
	EndProjectSection
EndProject
Global
	GlobalSection(SolutionConfigurationPlatforms) = preSolution
		Debug|Any CPU = Debug|Any CPU
		Release|Any CPU = Release|Any CPU
	EndGlobalSection
	GlobalSection(ProjectConfigurationPlatforms) = postSolution
		{DF524370-AF60-4267-9425-245A88E3E03B}.Debug|Any CPU.ActiveCfg = Debug|Any CPU
		{DF524370-AF60-4267-9425-245A88E3E03B}.Debug|Any CPU.Build.0 = Debug|Any CPU
		{DF524370-AF60-4267-9425-245A88E3E03B}.Release|Any CPU.ActiveCfg = Release|Any CPU
		{DF524370-AF60-4267-9425-245A88E3E03B}.Release|Any CPU.Build.0 = Release|Any CPU
		{C404A1A0-E127-47C3-B9F8-F138A007B4F0}.Debug|Any CPU.ActiveCfg = Debug|Any CPU
		{C404A1A0-E127-47C3-B9F8-F138A007B4F0}.Debug|Any CPU.Build.0 = Debug|Any CPU
		{C404A1A0-E127-47C3-B9F8-F138A007B4F0}.Release|Any CPU.ActiveCfg = Release|Any CPU
		{C404A1A0-E127-47C3-B9F8-F138A007B4F0}.Release|Any CPU.Build.0 = Release|Any CPU
	EndGlobalSection
	GlobalSection(SolutionProperties) = preSolution
		HideSolutionNode = FALSE
	EndGlobalSection
	GlobalSection(ExtensibilityGlobals) = postSolution
		SolutionGuid = {6CE8212D-956B-4123-B5CE-28CEA9FA5014}
	EndGlobalSection
EndGlobal
